Microsoft Visual Studio Solution File, Format Version 12.00
# Visual Studio Version 17
VisualStudioVersion = 17.0.31903.59
MinimumVisualStudioVersion = 10.0.40219.1
Project("{FAE04EC0-301F-11D3-BF4B-00C04F79EFBC}") = "InstanceAgent", "InstanceAgent\InstanceAgent.csproj", "{BD52C58B-7EB8-45F2-8D91-3F9C2B0A1453}"
EndProject
Project("{FAE04EC0-301F-11D3-BF4B-00C04F79EFBC}") = "InstanceAgent.Tests", "InstanceAgent.Tests\InstanceAgent.Tests.csproj", "{BFC61B34-A2E4-4A1C-BCDB-5EE94E3D44C7}"
EndProject
Global
    GlobalSection(SolutionConfigurationPlatforms) = preSolution
        Debug|Any CPU = Debug|Any CPU
        Release|Any CPU = Release|Any CPU
    EndGlobalSection
    GlobalSection(ProjectConfigurationPlatforms) = postSolution
        {BD52C58B-7EB8-45F2-8D91-3F9C2B0A1453}.Debug|Any CPU.ActiveCfg = Debug|Any CPU
        {BD52C58B-7EB8-45F2-8D91-3F9C2B0A1453}.Debug|Any CPU.Build.0 = Debug|Any CPU
        {BD52C58B-7EB8-45F2-8D91-3F9C2B0A1453}.Release|Any CPU.ActiveCfg = Release|Any CPU
        {BD52C58B-7EB8-45F2-8D91-3F9C2B0A1453}.Release|Any CPU.Build.0 = Release|Any CPU
        {BFC61B34-A2E4-4A1C-BCDB-5EE94E3D44C7}.Debug|Any CPU.ActiveCfg = Debug|Any CPU
        {BFC61B34-A2E4-4A1C-BCDB-5EE94E3D44C7}.Debug|Any CPU.Build.0 = Debug|Any CPU
        {BFC61B34-A2E4-4A1C-BCDB-5EE94E3D44C7}.Release|Any CPU.ActiveCfg = Release|Any CPU
        {BFC61B34-A2E4-4A1C-BCDB-5EE94E3D44C7}.Release|Any CPU.Build.0 = Release|Any CPU
    EndGlobalSection
EndGlobal
